# This file is @generated by PDM.
# It is not intended for manual editing.

[metadata]
groups = ["default"]
cross_platform = true
static_urls = false
lock_version = "4.3"
content_hash = "sha256:d3805cdb74bcaca20fdd978d1e7befd6a164d27447d942a77ec3b14f379c8c6e"

[[package]]
name = "anyio"
version = "3.7.1"
requires_python = ">=3.7"
summary = "High level compatibility layer for multiple asynchronous event loop implementations"
dependencies = [
    "exceptiongroup; python_version < \"3.11\"",
    "idna>=2.8",
    "sniffio>=1.1",
]
files = [
    {file = "anyio-3.7.1-py3-none-any.whl", hash = "sha256:91dee416e570e92c64041bd18b900d1d6fa78dff7048769ce5ac5ddad004fbb5"},
    {file = "anyio-3.7.1.tar.gz", hash = "sha256:44a3c9aba0f5defa43261a8b3efb97891f2bd7d804e0e1f56419befa1adfc780"},
]

[[package]]
name = "bilirpc"
version = "0.1.3"
requires_python = ">=3.8,<4.0"
summary = ""
dependencies = [
    "grpcio-tools<2.0.0,>=1.49.1",
]
files = [
    {file = "BiliRpc-0.1.3-py3-none-any.whl", hash = "sha256:643d889051eb75e45e64402c856862246637459338dd93b3c22c10f5d0206bfe"},
    {file = "BiliRpc-0.1.3.tar.gz", hash = "sha256:bbb4968c7f93aac551aa10a68abeeec442618d358ba182a1c486b724e0175d98"},
]

[[package]]
name = "certifi"
version = "2023.7.22"
requires_python = ">=3.6"
summary = "Python package for providing Mozilla's CA Bundle."
files = [
    {file = "certifi-2023.7.22-py3-none-any.whl", hash = "sha256:92d6037539857d8206b8f6ae472e8b77db8058fec5937a1ef3f54304089edbb9"},
    {file = "certifi-2023.7.22.tar.gz", hash = "sha256:539cc1d13202e33ca466e88b2807e29f4c13049d6d87031a3c110744495cb082"},
]

[[package]]
name = "colorama"
version = "0.4.6"
requires_python = "!=3.0.*,!=3.1.*,!=3.2.*,!=3.3.*,!=3.4.*,!=3.5.*,!=3.6.*,>=2.7"
summary = "Cross-platform colored terminal text."
files = [
    {file = "colorama-0.4.6-py2.py3-none-any.whl", hash = "sha256:4f1d9991f5acc0ca119f9d443620b77f9d6b33703e51011c16baf57afb285fc6"},
    {file = "colorama-0.4.6.tar.gz", hash = "sha256:08695f5cb7ed6e0531a20572697297273c47b8cae5a63ffc6d6ed5c201be6e44"},
]

[[package]]
name = "dynamicadaptor"
version = "0.4.7"
requires_python = ">=3.8.0,<4.0.0"
summary = ""
dependencies = [
    "loguru<0.7.0,>=0.6.0",
    "pydantic<2.0.0,>=1.10.4",
]
files = [
    {file = "dynamicadaptor-0.4.7-py3-none-any.whl", hash = "sha256:e92aabfeee8e9d7ebe7cd8622bef695e35c38f89a6518c50ca7ba3227a73b523"},
    {file = "dynamicadaptor-0.4.7.tar.gz", hash = "sha256:b8039f122587ace970e296591e62d0274591e124b77611f6e5bd0ddbe335dd2c"},
]

[[package]]
name = "emoji"
version = "2.7.0"
requires_python = ">=2.7, !=3.0.*, !=3.1.*, !=3.2.*, !=3.3.*"
summary = "Emoji for Python"
files = [
    {file = "emoji-2.7.0.tar.gz", hash = "sha256:375cc08589704266099846c553b6572ec5be591374b4d2cd1623b8343d5c9abb"},
]

[[package]]
name = "exceptiongroup"
version = "1.1.2"
requires_python = ">=3.7"
summary = "Backport of PEP 654 (exception groups)"
files = [
    {file = "exceptiongroup-1.1.2-py3-none-any.whl", hash = "sha256:e346e69d186172ca7cf029c8c1d16235aa0e04035e5750b4b95039e65204328f"},
    {file = "exceptiongroup-1.1.2.tar.gz", hash = "sha256:12c3e887d6485d16943a309616de20ae5582633e0a2eda17f4e10fd61c1e8af5"},
]

[[package]]
name = "grpcio"
version = "1.57.0"
requires_python = ">=3.7"
summary = "HTTP/2-based RPC framework"
files = [
    {file = "grpcio-1.57.0-cp310-cp310-linux_armv7l.whl", hash = "sha256:092fa155b945015754bdf988be47793c377b52b88d546e45c6a9f9579ac7f7b6"},
    {file = "grpcio-1.57.0-cp310-cp310-macosx_12_0_universal2.whl", hash = "sha256:2f7349786da979a94690cc5c2b804cab4e8774a3cf59be40d037c4342c906649"},
    {file = "grpcio-1.57.0-cp310-cp310-manylinux_2_17_aarch64.whl", hash = "sha256:82640e57fb86ea1d71ea9ab54f7e942502cf98a429a200b2e743d8672171734f"},
    {file = "grpcio-1.57.0-cp310-cp310-manylinux_2_17_i686.manylinux2014_i686.whl", hash = "sha256:40b72effd4c789de94ce1be2b5f88d7b9b5f7379fe9645f198854112a6567d9a"},
    {file = "grpcio-1.57.0-cp310-cp310-manylinux_2_17_x86_64.manylinux2014_x86_64.whl", hash = "sha256:2f708a6a17868ad8bf586598bee69abded4996b18adf26fd2d91191383b79019"},
    {file = "grpcio-1.57.0-cp310-cp310-musllinux_1_1_i686.whl", hash = "sha256:60fe15288a0a65d5c1cb5b4a62b1850d07336e3ba728257a810317be14f0c527"},
    {file = "grpcio-1.57.0-cp310-cp310-musllinux_1_1_x86_64.whl", hash = "sha256:6907b1cf8bb29b058081d2aad677b15757a44ef2d4d8d9130271d2ad5e33efca"},
    {file = "grpcio-1.57.0-cp310-cp310-win32.whl", hash = "sha256:57b183e8b252825c4dd29114d6c13559be95387aafc10a7be645462a0fc98bbb"},
    {file = "grpcio-1.57.0-cp310-cp310-win_amd64.whl", hash = "sha256:7b400807fa749a9eb286e2cd893e501b110b4d356a218426cb9c825a0474ca56"},
    {file = "grpcio-1.57.0-cp311-cp311-linux_armv7l.whl", hash = "sha256:c6ebecfb7a31385393203eb04ed8b6a08f5002f53df3d59e5e795edb80999652"},
    {file = "grpcio-1.57.0-cp311-cp311-macosx_10_10_universal2.whl", hash = "sha256:00258cbe3f5188629828363ae8ff78477ce976a6f63fb2bb5e90088396faa82e"},
    {file = "grpcio-1.57.0-cp311-cp311-manylinux_2_17_aarch64.whl", hash = "sha256:23e7d8849a0e58b806253fd206ac105b328171e01b8f18c7d5922274958cc87e"},
    {file = "grpcio-1.57.0-cp311-cp311-manylinux_2_17_i686.manylinux2014_i686.whl", hash = "sha256:5371bcd861e679d63b8274f73ac281751d34bd54eccdbfcd6aa00e692a82cd7b"},
    {file = "grpcio-1.57.0-cp311-cp311-manylinux_2_17_x86_64.manylinux2014_x86_64.whl", hash = "sha256:aed90d93b731929e742967e236f842a4a2174dc5db077c8f9ad2c5996f89f63e"},
    {file = "grpcio-1.57.0-cp311-cp311-musllinux_1_1_i686.whl", hash = "sha256:fe752639919aad9ffb0dee0d87f29a6467d1ef764f13c4644d212a9a853a078d"},
    {file = "grpcio-1.57.0-cp311-cp311-musllinux_1_1_x86_64.whl", hash = "sha256:fada6b07ec4f0befe05218181f4b85176f11d531911b64c715d1875c4736d73a"},
    {file = "grpcio-1.57.0-cp311-cp311-win32.whl", hash = "sha256:bb396952cfa7ad2f01061fbc7dc1ad91dd9d69243bcb8110cf4e36924785a0fe"},
    {file = "grpcio-1.57.0-cp311-cp311-win_amd64.whl", hash = "sha256:e503cb45ed12b924b5b988ba9576dc9949b2f5283b8e33b21dcb6be74a7c58d0"},
    {file = "grpcio-1.57.0-cp38-cp38-linux_armv7l.whl", hash = "sha256:871f9999e0211f9551f368612460442a5436d9444606184652117d6a688c9f51"},
    {file = "grpcio-1.57.0-cp38-cp38-macosx_10_10_universal2.whl", hash = "sha256:a8a8e560e8dbbdf29288872e91efd22af71e88b0e5736b0daf7773c1fecd99f0"},
    {file = "grpcio-1.57.0-cp38-cp38-manylinux_2_17_aarch64.whl", hash = "sha256:2313b124e475aa9017a9844bdc5eafb2d5abdda9d456af16fc4535408c7d6da6"},
    {file = "grpcio-1.57.0-cp38-cp38-manylinux_2_17_i686.manylinux2014_i686.whl", hash = "sha256:b4098b6b638d9e0ca839a81656a2fd4bc26c9486ea707e8b1437d6f9d61c3941"},
    {file = "grpcio-1.57.0-cp38-cp38-manylinux_2_17_x86_64.manylinux2014_x86_64.whl", hash = "sha256:5e5b58e32ae14658085c16986d11e99abd002ddbf51c8daae8a0671fffb3467f"},
    {file = "grpcio-1.57.0-cp38-cp38-musllinux_1_1_i686.whl", hash = "sha256:0f80bf37f09e1caba6a8063e56e2b87fa335add314cf2b78ebf7cb45aa7e3d06"},
    {file = "grpcio-1.57.0-cp38-cp38-musllinux_1_1_x86_64.whl", hash = "sha256:5b7a4ce8f862fe32b2a10b57752cf3169f5fe2915acfe7e6a1e155db3da99e79"},
    {file = "grpcio-1.57.0-cp38-cp38-win32.whl", hash = "sha256:9338bacf172e942e62e5889b6364e56657fbf8ac68062e8b25c48843e7b202bb"},
    {file = "grpcio-1.57.0-cp38-cp38-win_amd64.whl", hash = "sha256:e1cb52fa2d67d7f7fab310b600f22ce1ff04d562d46e9e0ac3e3403c2bb4cc16"},
    {file = "grpcio-1.57.0-cp39-cp39-linux_armv7l.whl", hash = "sha256:fee387d2fab144e8a34e0e9c5ca0f45c9376b99de45628265cfa9886b1dbe62b"},
    {file = "grpcio-1.57.0-cp39-cp39-macosx_10_10_universal2.whl", hash = "sha256:b53333627283e7241fcc217323f225c37783b5f0472316edcaa4479a213abfa6"},
    {file = "grpcio-1.57.0-cp39-cp39-manylinux_2_17_aarch64.whl", hash = "sha256:f19ac6ac0a256cf77d3cc926ef0b4e64a9725cc612f97228cd5dc4bd9dbab03b"},
    {file = "grpcio-1.57.0-cp39-cp39-manylinux_2_17_i686.manylinux2014_i686.whl", hash = "sha256:e3fdf04e402f12e1de8074458549337febb3b45f21076cc02ef4ff786aff687e"},
    {file = "grpcio-1.57.0-cp39-cp39-manylinux_2_17_x86_64.manylinux2014_x86_64.whl", hash = "sha256:5613a2fecc82f95d6c51d15b9a72705553aa0d7c932fad7aed7afb51dc982ee5"},
    {file = "grpcio-1.57.0-cp39-cp39-musllinux_1_1_i686.whl", hash = "sha256:b670c2faa92124b7397b42303e4d8eb64a4cd0b7a77e35a9e865a55d61c57ef9"},
    {file = "grpcio-1.57.0-cp39-cp39-musllinux_1_1_x86_64.whl", hash = "sha256:7a635589201b18510ff988161b7b573f50c6a48fae9cb567657920ca82022b37"},
    {file = "grpcio-1.57.0-cp39-cp39-win32.whl", hash = "sha256:d78d8b86fcdfa1e4c21f8896614b6cc7ee01a2a758ec0c4382d662f2a62cf766"},
    {file = "grpcio-1.57.0-cp39-cp39-win_amd64.whl", hash = "sha256:20ec6fc4ad47d1b6e12deec5045ec3cd5402d9a1597f738263e98f490fe07056"},
    {file = "grpcio-1.57.0.tar.gz", hash = "sha256:4b089f7ad1eb00a104078bab8015b0ed0ebcb3b589e527ab009c53893fd4e613"},
]

[[package]]
name = "grpcio-tools"
version = "1.57.0"
requires_python = ">=3.7"
summary = "Protobuf code generator for gRPC"
dependencies = [
    "grpcio>=1.57.0",
    "protobuf<5.0dev,>=4.21.6",
    "setuptools",
]
files = [
    {file = "grpcio-tools-1.57.0.tar.gz", hash = "sha256:2f16130d869ce27ecd623194547b649dd657333ec7e8644cc571c645781a9b85"},
    {file = "grpcio_tools-1.57.0-cp310-cp310-linux_armv7l.whl", hash = "sha256:4fb8a8468031f858381a576078924af364a08833d8f8f3237018252c4573a802"},
    {file = "grpcio_tools-1.57.0-cp310-cp310-macosx_12_0_universal2.whl", hash = "sha256:35bf0dad8a3562043345236c26d0053a856fb06c04d7da652f2ded914e508ae7"},
    {file = "grpcio_tools-1.57.0-cp310-cp310-manylinux_2_17_aarch64.whl", hash = "sha256:ec9aab2fb6783c7fc54bc28f58eb75f1ca77594e6b0fd5e5e7a8114a95169fe0"},
    {file = "grpcio_tools-1.57.0-cp310-cp310-manylinux_2_17_i686.manylinux2014_i686.whl", hash = "sha256:0cf5fc0a1c23f8ea34b408b72fb0e90eec0f404ad4dba98e8f6da3c9ce34e2ed"},
    {file = "grpcio_tools-1.57.0-cp310-cp310-manylinux_2_17_x86_64.manylinux2014_x86_64.whl", hash = "sha256:26e69d08a515554e0cfe1ec4d31568836f4b17f0ff82294f957f629388629eb9"},
    {file = "grpcio_tools-1.57.0-cp310-cp310-musllinux_1_1_i686.whl", hash = "sha256:c39a3656576b6fdaaf28abe0467f7a7231df4230c1bee132322dbc3209419e7f"},
    {file = "grpcio_tools-1.57.0-cp310-cp310-musllinux_1_1_x86_64.whl", hash = "sha256:f64f8ab22d27d4a5693310748d35a696061c3b5c7b8c4fb4ab3b4bc1068b6b56"},
    {file = "grpcio_tools-1.57.0-cp310-cp310-win32.whl", hash = "sha256:d2a134756f4db34759a5cc7f7e43f7eb87540b68d1cca62925593c6fb93924f7"},
    {file = "grpcio_tools-1.57.0-cp310-cp310-win_amd64.whl", hash = "sha256:9a3d60fb8d46ede26c1907c146561b3a9caa20a7aff961bc661ef8226f85a2e9"},
    {file = "grpcio_tools-1.57.0-cp311-cp311-linux_armv7l.whl", hash = "sha256:aac98ecad8f7bd4301855669d42a5d97ef7bb34bec2b1e74c7a0641d47e313cf"},
    {file = "grpcio_tools-1.57.0-cp311-cp311-macosx_10_10_universal2.whl", hash = "sha256:cdd020cb68b51462983b7c2dfbc3eb6ede032b8bf438d4554df0c3f08ce35c76"},
    {file = "grpcio_tools-1.57.0-cp311-cp311-manylinux_2_17_aarch64.whl", hash = "sha256:f54081b08419a39221cd646363b5708857c696b3ad4784f1dcf310891e33a5f7"},
    {file = "grpcio_tools-1.57.0-cp311-cp311-manylinux_2_17_i686.manylinux2014_i686.whl", hash = "sha256:ed85a0291fff45b67f2557fe7f117d3bc7af8b54b8619d27bf374b5c8b7e3ca2"},
    {file = "grpcio_tools-1.57.0-cp311-cp311-manylinux_2_17_x86_64.manylinux2014_x86_64.whl", hash = "sha256:e868cd6feb3ef07d4b35be104fe1fd0657db05259ff8f8ec5e08f4f89ca1191d"},
    {file = "grpcio_tools-1.57.0-cp311-cp311-musllinux_1_1_i686.whl", hash = "sha256:dfb6f6120587b8e228a3cae5ee4985b5bdc18501bad05c49df61965dfc9d70a9"},
    {file = "grpcio_tools-1.57.0-cp311-cp311-musllinux_1_1_x86_64.whl", hash = "sha256:4a7ad7f328e28fc97c356d0f10fb10d8b5151bb65aa7cf14bf8084513f0b7306"},
    {file = "grpcio_tools-1.57.0-cp311-cp311-win32.whl", hash = "sha256:9867f2817b1a0c93c523f89ac6c9d8625548af4620a7ce438bf5a76e23327284"},
    {file = "grpcio_tools-1.57.0-cp311-cp311-win_amd64.whl", hash = "sha256:1f9e917a9f18087f6c14b4d4508fb94fca5c2f96852363a89232fb9b2124ac1f"},
    {file = "grpcio_tools-1.57.0-cp38-cp38-linux_armv7l.whl", hash = "sha256:81ec4dbb696e095057b2528d11a8da04be6bbe2b967fa07d4ea9ba6354338cbf"},
    {file = "grpcio_tools-1.57.0-cp38-cp38-macosx_10_10_universal2.whl", hash = "sha256:495e2946406963e0b9f063f76d5af0f2a19517dac2b367b5b044432ac9194296"},
    {file = "grpcio_tools-1.57.0-cp38-cp38-manylinux_2_17_aarch64.whl", hash = "sha256:7b46fc6aa8eb7edd18cafcd21fd98703cb6c09e46b507de335fca7f0161dfccb"},
    {file = "grpcio_tools-1.57.0-cp38-cp38-manylinux_2_17_i686.manylinux2014_i686.whl", hash = "sha256:fb81ff861692111fa81bd85f64584e624cb4013bd66fbce8a209b8893f5ce398"},
    {file = "grpcio_tools-1.57.0-cp38-cp38-manylinux_2_17_x86_64.manylinux2014_x86_64.whl", hash = "sha256:8a42dc220eb5305f470855c9284f4c8e85ae59d6d742cd07946b0cbe5e9ca186"},
    {file = "grpcio_tools-1.57.0-cp38-cp38-musllinux_1_1_i686.whl", hash = "sha256:90d10d9038ba46a595a223a34f136c9230e3d6d7abc2433dbf0e1c31939d3a8b"},
    {file = "grpcio_tools-1.57.0-cp38-cp38-musllinux_1_1_x86_64.whl", hash = "sha256:5bc3e6d338aefb052e19cedabe00452be46d0c10a4ed29ee77abb00402e438fe"},
    {file = "grpcio_tools-1.57.0-cp38-cp38-win32.whl", hash = "sha256:34b36217b17b5bea674a414229913e1fd80ede328be51e1b531fcc62abd393b0"},
    {file = "grpcio_tools-1.57.0-cp38-cp38-win_amd64.whl", hash = "sha256:dbde4004a0688400036342ff73e3706e8940483e2871547b1354d59e93a38277"},
    {file = "grpcio_tools-1.57.0-cp39-cp39-linux_armv7l.whl", hash = "sha256:784574709b9690dc28696617ea69352e2132352fdfc9bc89afa8e39f99ae538e"},
    {file = "grpcio_tools-1.57.0-cp39-cp39-macosx_10_10_universal2.whl", hash = "sha256:85ac4e62eb44428cde025fd9ab7554002315fc7880f791c553fc5a0015cc9931"},
    {file = "grpcio_tools-1.57.0-cp39-cp39-manylinux_2_17_aarch64.whl", hash = "sha256:dc771d4db5701f280957bbcee91745e0686d00ed1c6aa7e05ba30a58b02d70a1"},
    {file = "grpcio_tools-1.57.0-cp39-cp39-manylinux_2_17_i686.manylinux2014_i686.whl", hash = "sha256:f3ac06703c412f8167a9062eaf6099409967e33bf98fa5b02be4b4689b6bdf39"},
    {file = "grpcio_tools-1.57.0-cp39-cp39-manylinux_2_17_x86_64.manylinux2014_x86_64.whl", hash = "sha256:02d78c034109f46032c7217260066d49d41e6bcaf588fa28fa40fe2f83445347"},
    {file = "grpcio_tools-1.57.0-cp39-cp39-musllinux_1_1_i686.whl", hash = "sha256:2db25f15ed44327f2e02d0c4fe741ac966f9500e407047d8a7c7fccf2df65616"},
    {file = "grpcio_tools-1.57.0-cp39-cp39-musllinux_1_1_x86_64.whl", hash = "sha256:2b417c97936d94874a3ce7ed8deab910f2233e3612134507cfee4af8735c38a6"},
    {file = "grpcio_tools-1.57.0-cp39-cp39-win32.whl", hash = "sha256:f717cce5093e6b6049d9ea6d12fdf3658efdb1a80772f7737db1f8510b876df6"},
    {file = "grpcio_tools-1.57.0-cp39-cp39-win_amd64.whl", hash = "sha256:1c0e8a1a32973a5d59fbcc19232f925e5c48116e9411f788033a31c5ca5130b4"},
]

[[package]]
name = "h11"
version = "0.14.0"
requires_python = ">=3.7"
summary = "A pure-Python, bring-your-own-I/O implementation of HTTP/1.1"
files = [
    {file = "h11-0.14.0-py3-none-any.whl", hash = "sha256:e3fe4ac4b851c468cc8363d500db52c2ead036020723024a109d37346efaa761"},
    {file = "h11-0.14.0.tar.gz", hash = "sha256:8f19fbbe99e72420ff35c00b27a34cb9937e902a8b810e2c88300c6f0a3b699d"},
]

[[package]]
name = "httpcore"
version = "0.17.3"
requires_python = ">=3.7"
summary = "A minimal low-level HTTP client."
dependencies = [
    "anyio<5.0,>=3.0",
    "certifi",
    "h11<0.15,>=0.13",
    "sniffio==1.*",
]
files = [
    {file = "httpcore-0.17.3-py3-none-any.whl", hash = "sha256:c2789b767ddddfa2a5782e3199b2b7f6894540b17b16ec26b2c4d8e103510b87"},
    {file = "httpcore-0.17.3.tar.gz", hash = "sha256:a6f30213335e34c1ade7be6ec7c47f19f50c56db36abef1a9dfa3815b1cb3888"},
]

[[package]]
name = "httpx"
version = "0.24.1"
requires_python = ">=3.7"
summary = "The next generation HTTP client."
dependencies = [
    "certifi",
    "httpcore<0.18.0,>=0.15.0",
    "idna",
    "sniffio",
]
files = [
    {file = "httpx-0.24.1-py3-none-any.whl", hash = "sha256:06781eb9ac53cde990577af654bd990a4949de37a28bdb4a230d434f3a30b9bd"},
    {file = "httpx-0.24.1.tar.gz", hash = "sha256:5853a43053df830c20f8110c5e69fe44d035d850b2dfe795e196f00fdb774bdd"},
]

[[package]]
name = "idna"
version = "3.4"
requires_python = ">=3.5"
summary = "Internationalized Domain Names in Applications (IDNA)"
files = [
    {file = "idna-3.4-py3-none-any.whl", hash = "sha256:90b77e79eaa3eba6de819a0c442c0b4ceefc341a7a2ab77d7562bf49f425c5c2"},
    {file = "idna-3.4.tar.gz", hash = "sha256:814f528e8dead7d329833b91c5faa87d60bf71824cd12a7530b5526063d02cb4"},
]

[[package]]
name = "loguru"
version = "0.6.0"
requires_python = ">=3.5"
summary = "Python logging made (stupidly) simple"
dependencies = [
    "colorama>=0.3.4; sys_platform == \"win32\"",
    "win32-setctime>=1.0.0; sys_platform == \"win32\"",
]
files = [
    {file = "loguru-0.6.0-py3-none-any.whl", hash = "sha256:4e2414d534a2ab57573365b3e6d0234dfb1d84b68b7f3b948e6fb743860a77c3"},
    {file = "loguru-0.6.0.tar.gz", hash = "sha256:066bd06758d0a513e9836fd9c6b5a75bfb3fd36841f4b996bc60b547a309d41c"},
]

[[package]]
name = "numpy"
version = "1.24.4"
requires_python = ">=3.8"
summary = "Fundamental package for array computing in Python"
files = [
    {file = "numpy-1.24.4-cp310-cp310-macosx_10_9_x86_64.whl", hash = "sha256:c0bfb52d2169d58c1cdb8cc1f16989101639b34c7d3ce60ed70b19c63eba0b64"},
    {file = "numpy-1.24.4-cp310-cp310-macosx_11_0_arm64.whl", hash = "sha256:ed094d4f0c177b1b8e7aa9cba7d6ceed51c0e569a5318ac0ca9a090680a6a1b1"},
    {file = "numpy-1.24.4-cp310-cp310-manylinux_2_17_aarch64.manylinux2014_aarch64.whl", hash = "sha256:79fc682a374c4a8ed08b331bef9c5f582585d1048fa6d80bc6c35bc384eee9b4"},
    {file = "numpy-1.24.4-cp310-cp310-manylinux_2_17_x86_64.manylinux2014_x86_64.whl", hash = "sha256:7ffe43c74893dbf38c2b0a1f5428760a1a9c98285553c89e12d70a96a7f3a4d6"},
    {file = "numpy-1.24.4-cp310-cp310-win32.whl", hash = "sha256:4c21decb6ea94057331e111a5bed9a79d335658c27ce2adb580fb4d54f2ad9bc"},
    {file = "numpy-1.24.4-cp310-cp310-win_amd64.whl", hash = "sha256:b4bea75e47d9586d31e892a7401f76e909712a0fd510f58f5337bea9572c571e"},
    {file = "numpy-1.24.4-cp311-cp311-macosx_10_9_x86_64.whl", hash = "sha256:f136bab9c2cfd8da131132c2cf6cc27331dd6fae65f95f69dcd4ae3c3639c810"},
    {file = "numpy-1.24.4-cp311-cp311-macosx_11_0_arm64.whl", hash = "sha256:e2926dac25b313635e4d6cf4dc4e51c8c0ebfed60b801c799ffc4c32bf3d1254"},
    {file = "numpy-1.24.4-cp311-cp311-manylinux_2_17_aarch64.manylinux2014_aarch64.whl", hash = "sha256:222e40d0e2548690405b0b3c7b21d1169117391c2e82c378467ef9ab4c8f0da7"},
    {file = "numpy-1.24.4-cp311-cp311-manylinux_2_17_x86_64.manylinux2014_x86_64.whl", hash = "sha256:7215847ce88a85ce39baf9e89070cb860c98fdddacbaa6c0da3ffb31b3350bd5"},
    {file = "numpy-1.24.4-cp311-cp311-win32.whl", hash = "sha256:4979217d7de511a8d57f4b4b5b2b965f707768440c17cb70fbf254c4b225238d"},
    {file = "numpy-1.24.4-cp311-cp311-win_amd64.whl", hash = "sha256:b7b1fc9864d7d39e28f41d089bfd6353cb5f27ecd9905348c24187a768c79694"},
    {file = "numpy-1.24.4-cp38-cp38-macosx_10_9_x86_64.whl", hash = "sha256:1452241c290f3e2a312c137a9999cdbf63f78864d63c79039bda65ee86943f61"},
    {file = "numpy-1.24.4-cp38-cp38-macosx_11_0_arm64.whl", hash = "sha256:04640dab83f7c6c85abf9cd729c5b65f1ebd0ccf9de90b270cd61935eef0197f"},
    {file = "numpy-1.24.4-cp38-cp38-manylinux_2_17_aarch64.manylinux2014_aarch64.whl", hash = "sha256:a5425b114831d1e77e4b5d812b69d11d962e104095a5b9c3b641a218abcc050e"},
    {file = "numpy-1.24.4-cp38-cp38-manylinux_2_17_x86_64.manylinux2014_x86_64.whl", hash = "sha256:dd80e219fd4c71fc3699fc1dadac5dcf4fd882bfc6f7ec53d30fa197b8ee22dc"},
    {file = "numpy-1.24.4-cp38-cp38-win32.whl", hash = "sha256:4602244f345453db537be5314d3983dbf5834a9701b7723ec28923e2889e0bb2"},
    {file = "numpy-1.24.4-cp38-cp38-win_amd64.whl", hash = "sha256:692f2e0f55794943c5bfff12b3f56f99af76f902fc47487bdfe97856de51a706"},
    {file = "numpy-1.24.4-cp39-cp39-macosx_10_9_x86_64.whl", hash = "sha256:2541312fbf09977f3b3ad449c4e5f4bb55d0dbf79226d7724211acc905049400"},
    {file = "numpy-1.24.4-cp39-cp39-macosx_11_0_arm64.whl", hash = "sha256:9667575fb6d13c95f1b36aca12c5ee3356bf001b714fc354eb5465ce1609e62f"},
    {file = "numpy-1.24.4-cp39-cp39-manylinux_2_17_aarch64.manylinux2014_aarch64.whl", hash = "sha256:f3a86ed21e4f87050382c7bc96571755193c4c1392490744ac73d660e8f564a9"},
    {file = "numpy-1.24.4-cp39-cp39-manylinux_2_17_x86_64.manylinux2014_x86_64.whl", hash = "sha256:d11efb4dbecbdf22508d55e48d9c8384db795e1b7b51ea735289ff96613ff74d"},
    {file = "numpy-1.24.4-cp39-cp39-win32.whl", hash = "sha256:6620c0acd41dbcb368610bb2f4d83145674040025e5536954782467100aa8835"},
    {file = "numpy-1.24.4-cp39-cp39-win_amd64.whl", hash = "sha256:befe2bf740fd8373cf56149a5c23a0f601e82869598d41f8e188a0e9869926f8"},
    {file = "numpy-1.24.4-pp38-pypy38_pp73-macosx_10_9_x86_64.whl", hash = "sha256:31f13e25b4e304632a4619d0e0777662c2ffea99fcae2029556b17d8ff958aef"},
    {file = "numpy-1.24.4-pp38-pypy38_pp73-manylinux_2_17_x86_64.manylinux2014_x86_64.whl", hash = "sha256:95f7ac6540e95bc440ad77f56e520da5bf877f87dca58bd095288dce8940532a"},
    {file = "numpy-1.24.4-pp38-pypy38_pp73-win_amd64.whl", hash = "sha256:e98f220aa76ca2a977fe435f5b04d7b3470c0a2e6312907b37ba6068f26787f2"},
    {file = "numpy-1.24.4.tar.gz", hash = "sha256:80f5e3a4e498641401868df4208b74581206afbee7cf7b8329daae82676d9463"},
]

[[package]]
name = "protobuf"
version = "4.24.0"
requires_python = ">=3.7"
summary = ""
files = [
    {file = "protobuf-4.24.0-cp310-abi3-win32.whl", hash = "sha256:81cb9c4621d2abfe181154354f63af1c41b00a4882fb230b4425cbaed65e8f52"},
    {file = "protobuf-4.24.0-cp310-abi3-win_amd64.whl", hash = "sha256:6c817cf4a26334625a1904b38523d1b343ff8b637d75d2c8790189a4064e51c3"},
    {file = "protobuf-4.24.0-cp37-abi3-macosx_10_9_universal2.whl", hash = "sha256:ae97b5de10f25b7a443b40427033e545a32b0e9dda17bcd8330d70033379b3e5"},
    {file = "protobuf-4.24.0-cp37-abi3-manylinux2014_aarch64.whl", hash = "sha256:567fe6b0647494845d0849e3d5b260bfdd75692bf452cdc9cb660d12457c055d"},
    {file = "protobuf-4.24.0-cp37-abi3-manylinux2014_x86_64.whl", hash = "sha256:a6b1ca92ccabfd9903c0c7dde8876221dc7d8d87ad5c42e095cc11b15d3569c7"},
    {file = "protobuf-4.24.0-cp38-cp38-win32.whl", hash = "sha256:e8834ef0b4c88666ebb7c7ec18045aa0f4325481d724daa624a4cf9f28134653"},
    {file = "protobuf-4.24.0-cp38-cp38-win_amd64.whl", hash = "sha256:8bb52a2be32db82ddc623aefcedfe1e0eb51da60e18fcc908fb8885c81d72109"},
    {file = "protobuf-4.24.0-cp39-cp39-win32.whl", hash = "sha256:ae7a1835721086013de193311df858bc12cd247abe4ef9710b715d930b95b33e"},
    {file = "protobuf-4.24.0-cp39-cp39-win_amd64.whl", hash = "sha256:44825e963008f8ea0d26c51911c30d3e82e122997c3c4568fd0385dd7bacaedf"},
    {file = "protobuf-4.24.0-py3-none-any.whl", hash = "sha256:82e6e9ebdd15b8200e8423676eab38b774624d6a1ad696a60d86a2ac93f18201"},
    {file = "protobuf-4.24.0.tar.gz", hash = "sha256:5d0ceb9de6e08311832169e601d1fc71bd8e8c779f3ee38a97a78554945ecb85"},
]

[[package]]
name = "pybind11"
version = "2.11.1"
requires_python = ">=3.6"
summary = "Seamless operability between C++11 and Python"
files = [
    {file = "pybind11-2.11.1-py3-none-any.whl", hash = "sha256:33cdd02a6453380dd71cc70357ce388ad1ee8d32bd0e38fc22b273d050aa29b3"},
    {file = "pybind11-2.11.1.tar.gz", hash = "sha256:00cd59116a6e8155aecd9174f37ba299d1d397ed4a6b86ac1dfe01b3e40f2cc4"},
]

[[package]]
name = "pydantic"
version = "1.10.12"
requires_python = ">=3.7"
summary = "Data validation and settings management using python type hints"
dependencies = [
    "typing-extensions>=4.2.0",
]
files = [
    {file = "pydantic-1.10.12-cp310-cp310-macosx_10_9_x86_64.whl", hash = "sha256:a1fcb59f2f355ec350073af41d927bf83a63b50e640f4dbaa01053a28b7a7718"},
    {file = "pydantic-1.10.12-cp310-cp310-macosx_11_0_arm64.whl", hash = "sha256:b7ccf02d7eb340b216ec33e53a3a629856afe1c6e0ef91d84a4e6f2fb2ca70fe"},
    {file = "pydantic-1.10.12-cp310-cp310-manylinux_2_17_x86_64.manylinux2014_x86_64.whl", hash = "sha256:8fb2aa3ab3728d950bcc885a2e9eff6c8fc40bc0b7bb434e555c215491bcf48b"},
    {file = "pydantic-1.10.12-cp310-cp310-manylinux_2_5_i686.manylinux1_i686.manylinux_2_17_i686.manylinux2014_i686.whl", hash = "sha256:771735dc43cf8383959dc9b90aa281f0b6092321ca98677c5fb6125a6f56d58d"},
    {file = "pydantic-1.10.12-cp310-cp310-musllinux_1_1_i686.whl", hash = "sha256:ca48477862372ac3770969b9d75f1bf66131d386dba79506c46d75e6b48c1e09"},
    {file = "pydantic-1.10.12-cp310-cp310-musllinux_1_1_x86_64.whl", hash = "sha256:a5e7add47a5b5a40c49b3036d464e3c7802f8ae0d1e66035ea16aa5b7a3923ed"},
    {file = "pydantic-1.10.12-cp310-cp310-win_amd64.whl", hash = "sha256:e4129b528c6baa99a429f97ce733fff478ec955513630e61b49804b6cf9b224a"},
    {file = "pydantic-1.10.12-cp311-cp311-macosx_10_9_x86_64.whl", hash = "sha256:b0d191db0f92dfcb1dec210ca244fdae5cbe918c6050b342d619c09d31eea0cc"},
    {file = "pydantic-1.10.12-cp311-cp311-macosx_11_0_arm64.whl", hash = "sha256:795e34e6cc065f8f498c89b894a3c6da294a936ee71e644e4bd44de048af1405"},
    {file = "pydantic-1.10.12-cp311-cp311-manylinux_2_17_x86_64.manylinux2014_x86_64.whl", hash = "sha256:69328e15cfda2c392da4e713443c7dbffa1505bc9d566e71e55abe14c97ddc62"},
    {file = "pydantic-1.10.12-cp311-cp311-manylinux_2_5_i686.manylinux1_i686.manylinux_2_17_i686.manylinux2014_i686.whl", hash = "sha256:2031de0967c279df0d8a1c72b4ffc411ecd06bac607a212892757db7462fc494"},
    {file = "pydantic-1.10.12-cp311-cp311-musllinux_1_1_i686.whl", hash = "sha256:ba5b2e6fe6ca2b7e013398bc7d7b170e21cce322d266ffcd57cca313e54fb246"},
    {file = "pydantic-1.10.12-cp311-cp311-musllinux_1_1_x86_64.whl", hash = "sha256:2a7bac939fa326db1ab741c9d7f44c565a1d1e80908b3797f7f81a4f86bc8d33"},
    {file = "pydantic-1.10.12-cp311-cp311-win_amd64.whl", hash = "sha256:87afda5539d5140cb8ba9e8b8c8865cb5b1463924d38490d73d3ccfd80896b3f"},
    {file = "pydantic-1.10.12-cp37-cp37m-macosx_10_9_x86_64.whl", hash = "sha256:549a8e3d81df0a85226963611950b12d2d334f214436a19537b2efed61b7639a"},
    {file = "pydantic-1.10.12-cp37-cp37m-manylinux_2_17_x86_64.manylinux2014_x86_64.whl", hash = "sha256:598da88dfa127b666852bef6d0d796573a8cf5009ffd62104094a4fe39599565"},
    {file = "pydantic-1.10.12-cp37-cp37m-manylinux_2_5_i686.manylinux1_i686.manylinux_2_17_i686.manylinux2014_i686.whl", hash = "sha256:ba5c4a8552bff16c61882db58544116d021d0b31ee7c66958d14cf386a5b5350"},
    {file = "pydantic-1.10.12-cp37-cp37m-musllinux_1_1_i686.whl", hash = "sha256:c79e6a11a07da7374f46970410b41d5e266f7f38f6a17a9c4823db80dadf4303"},
    {file = "pydantic-1.10.12-cp37-cp37m-musllinux_1_1_x86_64.whl", hash = "sha256:ab26038b8375581dc832a63c948f261ae0aa21f1d34c1293469f135fa92972a5"},
    {file = "pydantic-1.10.12-cp37-cp37m-win_amd64.whl", hash = "sha256:e0a16d274b588767602b7646fa05af2782576a6cf1022f4ba74cbb4db66f6ca8"},
    {file = "pydantic-1.10.12-cp38-cp38-macosx_10_9_x86_64.whl", hash = "sha256:6a9dfa722316f4acf4460afdf5d41d5246a80e249c7ff475c43a3a1e9d75cf62"},
    {file = "pydantic-1.10.12-cp38-cp38-macosx_11_0_arm64.whl", hash = "sha256:a73f489aebd0c2121ed974054cb2759af8a9f747de120acd2c3394cf84176ccb"},
    {file = "pydantic-1.10.12-cp38-cp38-manylinux_2_17_x86_64.manylinux2014_x86_64.whl", hash = "sha256:6b30bcb8cbfccfcf02acb8f1a261143fab622831d9c0989707e0e659f77a18e0"},
    {file = "pydantic-1.10.12-cp38-cp38-manylinux_2_5_i686.manylinux1_i686.manylinux_2_17_i686.manylinux2014_i686.whl", hash = "sha256:2fcfb5296d7877af406ba1547dfde9943b1256d8928732267e2653c26938cd9c"},
    {file = "pydantic-1.10.12-cp38-cp38-musllinux_1_1_i686.whl", hash = "sha256:2f9a6fab5f82ada41d56b0602606a5506aab165ca54e52bc4545028382ef1c5d"},
    {file = "pydantic-1.10.12-cp38-cp38-musllinux_1_1_x86_64.whl", hash = "sha256:dea7adcc33d5d105896401a1f37d56b47d443a2b2605ff8a969a0ed5543f7e33"},
    {file = "pydantic-1.10.12-cp38-cp38-win_amd64.whl", hash = "sha256:1eb2085c13bce1612da8537b2d90f549c8cbb05c67e8f22854e201bde5d98a47"},
    {file = "pydantic-1.10.12-cp39-cp39-macosx_10_9_x86_64.whl", hash = "sha256:ef6c96b2baa2100ec91a4b428f80d8f28a3c9e53568219b6c298c1125572ebc6"},
    {file = "pydantic-1.10.12-cp39-cp39-macosx_11_0_arm64.whl", hash = "sha256:6c076be61cd0177a8433c0adcb03475baf4ee91edf5a4e550161ad57fc90f523"},
    {file = "pydantic-1.10.12-cp39-cp39-manylinux_2_17_x86_64.manylinux2014_x86_64.whl", hash = "sha256:2d5a58feb9a39f481eda4d5ca220aa8b9d4f21a41274760b9bc66bfd72595b86"},
    {file = "pydantic-1.10.12-cp39-cp39-manylinux_2_5_i686.manylinux1_i686.manylinux_2_17_i686.manylinux2014_i686.whl", hash = "sha256:e5f805d2d5d0a41633651a73fa4ecdd0b3d7a49de4ec3fadf062fe16501ddbf1"},
    {file = "pydantic-1.10.12-cp39-cp39-musllinux_1_1_i686.whl", hash = "sha256:1289c180abd4bd4555bb927c42ee42abc3aee02b0fb2d1223fb7c6e5bef87dbe"},
    {file = "pydantic-1.10.12-cp39-cp39-musllinux_1_1_x86_64.whl", hash = "sha256:5d1197e462e0364906cbc19681605cb7c036f2475c899b6f296104ad42b9f5fb"},
    {file = "pydantic-1.10.12-cp39-cp39-win_amd64.whl", hash = "sha256:fdbdd1d630195689f325c9ef1a12900524dceb503b00a987663ff4f58669b93d"},
    {file = "pydantic-1.10.12-py3-none-any.whl", hash = "sha256:b749a43aa51e32839c9d71dc67eb1e4221bb04af1033a32e3923d46f9effa942"},
    {file = "pydantic-1.10.12.tar.gz", hash = "sha256:0fe8a415cea8f340e7a9af9c54fc71a649b43e8ca3cc732986116b3cb135d303"},
]

[[package]]
name = "setuptools"
version = "68.0.0"
requires_python = ">=3.7"
summary = "Easily download, build, install, upgrade, and uninstall Python packages"
files = [
    {file = "setuptools-68.0.0-py3-none-any.whl", hash = "sha256:11e52c67415a381d10d6b462ced9cfb97066179f0e871399e006c4ab101fc85f"},
    {file = "setuptools-68.0.0.tar.gz", hash = "sha256:baf1fdb41c6da4cd2eae722e135500da913332ab3f2f5c7d33af9b492acb5235"},
]

[[package]]
name = "skia-python"
version = "87.5"
summary = "Skia python binding"
dependencies = [
    "numpy",
    "pybind11>=2.6",
]
files = [
    {file = "skia_python-87.5-cp310-cp310-macosx_10_9_x86_64.whl", hash = "sha256:f10c610cee43964d5d972c8a95a05a94e014ccf522b78d4548551365bc52460c"},
    {file = "skia_python-87.5-cp310-cp310-macosx_11_0_arm64.whl", hash = "sha256:f2525ed407be09a49ddf8ba9b01e5c3b7ce1499c71bfd2dd110da9b74a4daf46"},
    {file = "skia_python-87.5-cp310-cp310-manylinux_2_17_aarch64.manylinux2014_aarch64.whl", hash = "sha256:bb81c2ae262218788ff2658ce7559c6fd0e2890ef660ed24c8b991d02614eaf0"},
    {file = "skia_python-87.5-cp310-cp310-manylinux_2_17_x86_64.manylinux2014_x86_64.whl", hash = "sha256:674d0fe04f141c6e84fd60fbba6672ac048b0894006ffca673479ea2836bf6b7"},
    {file = "skia_python-87.5-cp310-cp310-win_amd64.whl", hash = "sha256:b489da7f8c164b93ca0bae7694dd167e5c8529cf49580d369a6b55f606961d2f"},
    {file = "skia_python-87.5-cp311-cp311-macosx_10_9_x86_64.whl", hash = "sha256:947c8b1292a0e56e0726a508e9f29d3f29bda9e48beff3c7e33dda0e8729fc19"},
    {file = "skia_python-87.5-cp311-cp311-macosx_11_0_arm64.whl", hash = "sha256:d370ab1dca44a4f8c21ae9e9ef52aa12a72045f43f36c8936f128e7f13edfc9e"},
    {file = "skia_python-87.5-cp311-cp311-manylinux_2_17_aarch64.manylinux2014_aarch64.whl", hash = "sha256:fe041ff1d14ea3801a0444ed86336c24a4a94e4c390f7214cf9b2791caf5298c"},
    {file = "skia_python-87.5-cp311-cp311-manylinux_2_17_x86_64.manylinux2014_x86_64.whl", hash = "sha256:573734ca3f331758633133230c7bf906a2a316a526ac1081245b920912600ccc"},
    {file = "skia_python-87.5-cp311-cp311-win_amd64.whl", hash = "sha256:6ece2b3aa44b5f65fec3a5e5e3ca63fca7b402912ea88370a45a3882d4f5a41b"},
    {file = "skia_python-87.5-cp38-cp38-macosx_10_9_x86_64.whl", hash = "sha256:e2bb2e1f332fcc864573888419e3f1702505168e1bde7822500138a25302bd93"},
    {file = "skia_python-87.5-cp38-cp38-macosx_11_0_arm64.whl", hash = "sha256:b773bd56c96d841536ed0a9e52afa46d3dfe6aeb1ad37e0ab0bb956989989c34"},
    {file = "skia_python-87.5-cp38-cp38-manylinux_2_17_aarch64.manylinux2014_aarch64.whl", hash = "sha256:62744780def2fa3c0bd4266466160ac67c2b2dde52bb9abbcfec2011bde3ee10"},
    {file = "skia_python-87.5-cp38-cp38-manylinux_2_17_x86_64.manylinux2014_x86_64.whl", hash = "sha256:08761ed47bf969425a014513188b3b9ca8b1a2602e3c95a9f32a9170043cf870"},
    {file = "skia_python-87.5-cp38-cp38-win_amd64.whl", hash = "sha256:24fa6cea0b85d9b8c17fea4222dff07593dfcd517e8a2b424b980d42e8b3d613"},
    {file = "skia_python-87.5-cp39-cp39-macosx_10_9_x86_64.whl", hash = "sha256:d1ce93efef0dbabdc8b332522aa203ca63de97cf0ef68b3da1169be340ad442d"},
    {file = "skia_python-87.5-cp39-cp39-macosx_11_0_arm64.whl", hash = "sha256:ac621c4850fee0a17ed430ab4fc8de5fea37be69dca55d4d0bd26ac8108afc40"},
    {file = "skia_python-87.5-cp39-cp39-manylinux_2_17_aarch64.manylinux2014_aarch64.whl", hash = "sha256:2c7ae8daeb70dd2a5b347cefe969fe15111128a9ad55b27349147d63e85ffd17"},
    {file = "skia_python-87.5-cp39-cp39-manylinux_2_17_x86_64.manylinux2014_x86_64.whl", hash = "sha256:4c8b440cb92a52249893b5968d9eff4f44f4070195ed7ea406ee44651305bee5"},
    {file = "skia_python-87.5-cp39-cp39-win_amd64.whl", hash = "sha256:4bfd6fa011a2b2e1501615414a429dca2b08baaa69c60d52c491300bb30e10c3"},
]

[[package]]
name = "sniffio"
version = "1.3.0"
requires_python = ">=3.7"
summary = "Sniff out which async library your code is running under"
files = [
    {file = "sniffio-1.3.0-py3-none-any.whl", hash = "sha256:eecefdce1e5bbfb7ad2eeaabf7c1eeb404d7757c379bd1f7e5cce9d8bf425384"},
    {file = "sniffio-1.3.0.tar.gz", hash = "sha256:e60305c5e5d314f5389259b7f22aaa33d8f7dee49763119234af3755c55b9101"},
]

[[package]]
name = "typing-extensions"
version = "4.7.1"
requires_python = ">=3.7"
summary = "Backported and Experimental Type Hints for Python 3.7+"
files = [
    {file = "typing_extensions-4.7.1-py3-none-any.whl", hash = "sha256:440d5dd3af93b060174bf433bccd69b0babc3b15b1a8dca43789fd7f61514b36"},
    {file = "typing_extensions-4.7.1.tar.gz", hash = "sha256:b75ddc264f0ba5615db7ba217daeb99701ad295353c45f9e95963337ceeeffb2"},
]

[[package]]
name = "win32-setctime"
version = "1.1.0"
requires_python = ">=3.5"
summary = "A small Python utility to set file creation time on Windows"
files = [
    {file = "win32_setctime-1.1.0-py3-none-any.whl", hash = "sha256:231db239e959c2fe7eb1d7dc129f11172354f98361c4fa2d6d2d7e278baa8aad"},
    {file = "win32_setctime-1.1.0.tar.gz", hash = "sha256:15cf5750465118d6929ae4de4eb46e8edae9a5634350c01ba582df868e932cb2"},
]
